
Microsoft Visual Studio Solution File, Format Version 12.00
# Visual Studio Version 16
VisualStudioVersion = 16.0.30804.86
MinimumVisualStudioVersion = 10.0.40219.1
Project("{FAE04EC0-301F-11D3-BF4B-00C04F79EFBC}") = "WedDevStackController", "WedDevStackController\WedDevStackController.csproj", "{726E0FA4-A104-4039-A2D6-D41E9527341E}"
EndProject
Global
	GlobalSection(SolutionConfigurationPlatforms) = preSolution
		Debug|Any CPU = Debug|Any CPU
		Release|Any CPU = Release|Any CPU
	EndGlobalSection
	GlobalSection(ProjectConfigurationPlatforms) = postSolution
		{726E0FA4-A104-4039-A2D6-D41E9527341E}.Debug|Any CPU.ActiveCfg = Debug|Any CPU
		{726E0FA4-A104-4039-A2D6-D41E9527341E}.Debug|Any CPU.Build.0 = Debug|Any CPU
		{726E0FA4-A104-4039-A2D6-D41E9527341E}.Release|Any CPU.ActiveCfg = Release|Any CPU
		{726E0FA4-A104-4039-A2D6-D41E9527341E}.Release|Any CPU.Build.0 = Release|Any CPU
	EndGlobalSection
	GlobalSection(SolutionProperties) = preSolution
		HideSolutionNode = FALSE
	EndGlobalSection
	GlobalSection(ExtensibilityGlobals) = postSolution
		SolutionGuid = {25C4F3D2-BD16-4CA2-BD3F-1130B17FC3D5}
	EndGlobalSection
EndGlobal
